<?xml version="1.0" encoding="utf-8"?>
<Project ToolsVersion="4.0" xmlns="http://schemas.microsoft.com/developer/msbuild/2003">
  <ItemGroup>
    <Filter Include="Header Files">
      <UniqueIdentifier>{93995380-89BD-4b04-88EB-625FBE52EBFB}</UniqueIdentifier>
      <Extensions>h;hh;hpp;hxx;hm;inl;inc;xsd</Extensions>
    </Filter>
    <Filter Include="Resource Files">
      <UniqueIdentifier>{67DA6AB6-F800-4c08-8B7A-83BB121AAD01}</UniqueIdentifier>
      <Extensions>rc;ico;cur;bmp;dlg;rc2;rct;bin;rgs;gif;jpg;jpeg;jpe;resx;tiff;tif;png;wav;mfcribbon-ms</Extensions>
    </Filter>
    <Filter Include="Source Files">
      <UniqueIdentifier>{4FC737F1-C7A5-4376-A066-2A32D752A2FF}</UniqueIdentifier>
      <Extensions>cpp;c;cc;cxx;def;odl;idl;hpj;bat;asm;asmx</Extensions>
    </Filter>
  </ItemGroup>
  <ItemGroup>
    <ClCompile Include="portfilo.cpp">
      <Filter>Source Files</Filter>
    </ClCompile>
    <ClCompile Include="portfilomain.cpp">
      <Filter>Source Files</Filter>
    </ClCompile>
    <ClCompile Include="stateofaccount.cpp">
      <Filter>Source Files</Filter>
    </ClCompile>
    <ClCompile Include="stocks.cpp">
      <Filter>Source Files</Filter>
    </ClCompile>
    <ClCompile Include="trade.cpp">
      <Filter>Source Files</Filter>
    </ClCompile>
    <ClCompile Include="bank.cpp">
      <Filter>Source Files</Filter>
    </ClCompile>
    <ClCompile Include="marketmain.cpp">
      <Filter>Source Files</Filter>
    </ClCompile>
    <ClCompile Include="Notification.cpp">
      <Filter>Source Files</Filter>
    </ClCompile>
    <ClCompile Include="password.cpp">
      <Filter>Source Files</Filter>
    </ClCompile>
    <ClCompile Include="person.cpp">
      <Filter>Source Files</Filter>
    </ClCompile>
    <ClCompile Include="main.cpp">
      <Filter>Source Files</Filter>
    </ClCompile>
    <ClCompile Include="client.cpp">
      <Filter>Source Files</Filter>
    </ClCompile>
    <ClCompile Include="admin.cpp">
      <Filter>Source Files</Filter>
    </ClCompile>
  </ItemGroup>
  <ItemGroup>
    <ClInclude Include="portfilo.h">
      <Filter>Header Files</Filter>
    </ClInclude>
    <ClInclude Include="stateofaccount.h">
      <Filter>Header Files</Filter>
    </ClInclude>
    <ClInclude Include="stocks.h">
      <Filter>Header Files</Filter>
    </ClInclude>
    <ClInclude Include="trade.h">
      <Filter>Header Files</Filter>
    </ClInclude>
    <ClInclude Include="bank.h">
      <Filter>Header Files</Filter>
    </ClInclude>
    <ClInclude Include="Notification.h">
      <Filter>Header Files</Filter>
    </ClInclude>
    <ClInclude Include="password.h">
      <Filter>Header Files</Filter>
    </ClInclude>
    <ClInclude Include="person.h">
      <Filter>Header Files</Filter>
    </ClInclude>
    <ClInclude Include="client.h">
      <Filter>Header Files</Filter>
    </ClInclude>
    <ClInclude Include="admin.h">
      <Filter>Header Files</Filter>
    </ClInclude>
  </ItemGroup>
  <ItemGroup>
    <Text Include="portfilo.txt" />
    <Text Include="Notification.txt" />
  </ItemGroup>
  <ItemGroup>
    <None Include="stock_market_buy.csv" />
    <None Include="stock_market_sell.csv" />
    <None Include="stocks.csv" />
    <None Include="user.csv" />
    <None Include="offers.csv" />
    <None Include="Stocks_Screen.exe" />
    <None Include="bank.csv" />
  </ItemGroup>
</Project>